
Microsoft Visual Studio Solution File, Format Version 12.00
# Visual Studio 15
Project("{FAE04EC0-301F-11D3-BF4B-00C04F79EFBC}") = "Buffteks", "Buffteks.csproj", "{8EA269B7-B88F-4CB1-AC3C-4A4FB49738DF}"
EndProject
Project("{FAE04EC0-301F-11D3-BF4B-00C04F79EFBC}") = "DataAccess", "DataAccess\DataAccess.csproj", "{E1F932CE-C6F5-46AE-A263-B0394C27E8EF}"
EndProject
Project("{FAE04EC0-301F-11D3-BF4B-00C04F79EFBC}") = "Models", "Models\Models.csproj", "{B7F1D3EC-9AA6-4AEA-B706-CE84FF73FEBD}"
EndProject
Global
	GlobalSection(SolutionConfigurationPlatforms) = preSolution
		Debug|Any CPU = Debug|Any CPU
		Release|Any CPU = Release|Any CPU
	EndGlobalSection
	GlobalSection(ProjectConfigurationPlatforms) = postSolution
		{8EA269B7-B88F-4CB1-AC3C-4A4FB49738DF}.Debug|Any CPU.ActiveCfg = Debug|Any CPU
		{8EA269B7-B88F-4CB1-AC3C-4A4FB49738DF}.Debug|Any CPU.Build.0 = Debug|Any CPU
		{8EA269B7-B88F-4CB1-AC3C-4A4FB49738DF}.Release|Any CPU.ActiveCfg = Release|Any CPU
		{8EA269B7-B88F-4CB1-AC3C-4A4FB49738DF}.Release|Any CPU.Build.0 = Release|Any CPU
		{9BBA0239-6987-413C-9AFB-F5A91F96F29E}.Debug|Any CPU.ActiveCfg = Debug|Any CPU
		{9BBA0239-6987-413C-9AFB-F5A91F96F29E}.Debug|Any CPU.Build.0 = Debug|Any CPU
		{9BBA0239-6987-413C-9AFB-F5A91F96F29E}.Release|Any CPU.ActiveCfg = Release|Any CPU
		{9BBA0239-6987-413C-9AFB-F5A91F96F29E}.Release|Any CPU.Build.0 = Release|Any CPU
		{E1F932CE-C6F5-46AE-A263-B0394C27E8EF}.Debug|Any CPU.ActiveCfg = Debug|Any CPU
		{E1F932CE-C6F5-46AE-A263-B0394C27E8EF}.Debug|Any CPU.Build.0 = Debug|Any CPU
		{E1F932CE-C6F5-46AE-A263-B0394C27E8EF}.Release|Any CPU.ActiveCfg = Release|Any CPU
		{E1F932CE-C6F5-46AE-A263-B0394C27E8EF}.Release|Any CPU.Build.0 = Release|Any CPU
		{B7F1D3EC-9AA6-4AEA-B706-CE84FF73FEBD}.Debug|Any CPU.ActiveCfg = Debug|Any CPU
		{B7F1D3EC-9AA6-4AEA-B706-CE84FF73FEBD}.Debug|Any CPU.Build.0 = Debug|Any CPU
		{B7F1D3EC-9AA6-4AEA-B706-CE84FF73FEBD}.Release|Any CPU.ActiveCfg = Release|Any CPU
		{B7F1D3EC-9AA6-4AEA-B706-CE84FF73FEBD}.Release|Any CPU.Build.0 = Release|Any CPU
	EndGlobalSection
EndGlobal
