
Microsoft Visual Studio Solution File, Format Version 12.00
# Visual Studio 15
VisualStudioVersion = 15.0.26124.0
MinimumVisualStudioVersion = 15.0.26124.0
Project("{FAE04EC0-301F-11D3-BF4B-00C04F79EFBC}") = "DataAccess", "DataAccess\DataAccess.csproj", "{0E081112-F8F6-4AF7-A921-0862C7E5B46E}"
EndProject
Project("{FAE04EC0-301F-11D3-BF4B-00C04F79EFBC}") = "BookLibrary", "BookLibrary\BookLibrary.csproj", "{4751B7A0-BF2B-403D-AA38-9B5C59E6B793}"
EndProject
Project("{FAE04EC0-301F-11D3-BF4B-00C04F79EFBC}") = "MidTerm", "MidTerm.csproj", "{878408E2-23ED-46B5-B760-5C93C666825F}"
EndProject
Global
	GlobalSection(SolutionConfigurationPlatforms) = preSolution
		Debug|Any CPU = Debug|Any CPU
		Debug|x64 = Debug|x64
		Debug|x86 = Debug|x86
		Release|Any CPU = Release|Any CPU
		Release|x64 = Release|x64
		Release|x86 = Release|x86
	EndGlobalSection
	GlobalSection(SolutionProperties) = preSolution
		HideSolutionNode = FALSE
	EndGlobalSection
	GlobalSection(ProjectConfigurationPlatforms) = postSolution
		{0E081112-F8F6-4AF7-A921-0862C7E5B46E}.Debug|Any CPU.ActiveCfg = Debug|Any CPU
		{0E081112-F8F6-4AF7-A921-0862C7E5B46E}.Debug|Any CPU.Build.0 = Debug|Any CPU
		{0E081112-F8F6-4AF7-A921-0862C7E5B46E}.Debug|x64.ActiveCfg = Debug|Any CPU
		{0E081112-F8F6-4AF7-A921-0862C7E5B46E}.Debug|x64.Build.0 = Debug|Any CPU
		{0E081112-F8F6-4AF7-A921-0862C7E5B46E}.Debug|x86.ActiveCfg = Debug|Any CPU
		{0E081112-F8F6-4AF7-A921-0862C7E5B46E}.Debug|x86.Build.0 = Debug|Any CPU
		{0E081112-F8F6-4AF7-A921-0862C7E5B46E}.Release|Any CPU.ActiveCfg = Release|Any CPU
		{0E081112-F8F6-4AF7-A921-0862C7E5B46E}.Release|Any CPU.Build.0 = Release|Any CPU
		{0E081112-F8F6-4AF7-A921-0862C7E5B46E}.Release|x64.ActiveCfg = Release|Any CPU
		{0E081112-F8F6-4AF7-A921-0862C7E5B46E}.Release|x64.Build.0 = Release|Any CPU
		{0E081112-F8F6-4AF7-A921-0862C7E5B46E}.Release|x86.ActiveCfg = Release|Any CPU
		{0E081112-F8F6-4AF7-A921-0862C7E5B46E}.Release|x86.Build.0 = Release|Any CPU
		{4751B7A0-BF2B-403D-AA38-9B5C59E6B793}.Debug|Any CPU.ActiveCfg = Debug|Any CPU
		{4751B7A0-BF2B-403D-AA38-9B5C59E6B793}.Debug|Any CPU.Build.0 = Debug|Any CPU
		{4751B7A0-BF2B-403D-AA38-9B5C59E6B793}.Debug|x64.ActiveCfg = Debug|Any CPU
		{4751B7A0-BF2B-403D-AA38-9B5C59E6B793}.Debug|x64.Build.0 = Debug|Any CPU
		{4751B7A0-BF2B-403D-AA38-9B5C59E6B793}.Debug|x86.ActiveCfg = Debug|Any CPU
		{4751B7A0-BF2B-403D-AA38-9B5C59E6B793}.Debug|x86.Build.0 = Debug|Any CPU
		{4751B7A0-BF2B-403D-AA38-9B5C59E6B793}.Release|Any CPU.ActiveCfg = Release|Any CPU
		{4751B7A0-BF2B-403D-AA38-9B5C59E6B793}.Release|Any CPU.Build.0 = Release|Any CPU
		{4751B7A0-BF2B-403D-AA38-9B5C59E6B793}.Release|x64.ActiveCfg = Release|Any CPU
		{4751B7A0-BF2B-403D-AA38-9B5C59E6B793}.Release|x64.Build.0 = Release|Any CPU
		{4751B7A0-BF2B-403D-AA38-9B5C59E6B793}.Release|x86.ActiveCfg = Release|Any CPU
		{4751B7A0-BF2B-403D-AA38-9B5C59E6B793}.Release|x86.Build.0 = Release|Any CPU
		{878408E2-23ED-46B5-B760-5C93C666825F}.Debug|Any CPU.ActiveCfg = Debug|Any CPU
		{878408E2-23ED-46B5-B760-5C93C666825F}.Debug|Any CPU.Build.0 = Debug|Any CPU
		{878408E2-23ED-46B5-B760-5C93C666825F}.Debug|x64.ActiveCfg = Debug|Any CPU
		{878408E2-23ED-46B5-B760-5C93C666825F}.Debug|x64.Build.0 = Debug|Any CPU
		{878408E2-23ED-46B5-B760-5C93C666825F}.Debug|x86.ActiveCfg = Debug|Any CPU
		{878408E2-23ED-46B5-B760-5C93C666825F}.Debug|x86.Build.0 = Debug|Any CPU
		{878408E2-23ED-46B5-B760-5C93C666825F}.Release|Any CPU.ActiveCfg = Release|Any CPU
		{878408E2-23ED-46B5-B760-5C93C666825F}.Release|Any CPU.Build.0 = Release|Any CPU
		{878408E2-23ED-46B5-B760-5C93C666825F}.Release|x64.ActiveCfg = Release|Any CPU
		{878408E2-23ED-46B5-B760-5C93C666825F}.Release|x64.Build.0 = Release|Any CPU
		{878408E2-23ED-46B5-B760-5C93C666825F}.Release|x86.ActiveCfg = Release|Any CPU
		{878408E2-23ED-46B5-B760-5C93C666825F}.Release|x86.Build.0 = Release|Any CPU
	EndGlobalSection
EndGlobal
