
Microsoft Visual Studio Solution File, Format Version 12.00
# Visual Studio 2012
Project("{FAE04EC0-301F-11D3-BF4B-00C04F79EFBC}") = "InterestRate", "InterestRate\InterestRate.csproj", "{AE67B01E-E5E3-41AB-BCE4-935B9D454E7D}"
EndProject
Project("{FAE04EC0-301F-11D3-BF4B-00C04F79EFBC}") = "InterestRate.Tests", "InterestRate.Tests\InterestRate.Tests.csproj", "{DCD33CE5-EBF5-46E5-ACB1-0DB4A87A3CCE}"
EndProject
Global
	GlobalSection(SolutionConfigurationPlatforms) = preSolution
		Debug|Any CPU = Debug|Any CPU
		Release|Any CPU = Release|Any CPU
	EndGlobalSection
	GlobalSection(ProjectConfigurationPlatforms) = postSolution
		{AE67B01E-E5E3-41AB-BCE4-935B9D454E7D}.Debug|Any CPU.ActiveCfg = Debug|Any CPU
		{AE67B01E-E5E3-41AB-BCE4-935B9D454E7D}.Debug|Any CPU.Build.0 = Debug|Any CPU
		{AE67B01E-E5E3-41AB-BCE4-935B9D454E7D}.Release|Any CPU.ActiveCfg = Release|Any CPU
		{AE67B01E-E5E3-41AB-BCE4-935B9D454E7D}.Release|Any CPU.Build.0 = Release|Any CPU
		{DCD33CE5-EBF5-46E5-ACB1-0DB4A87A3CCE}.Debug|Any CPU.ActiveCfg = Debug|Any CPU
		{DCD33CE5-EBF5-46E5-ACB1-0DB4A87A3CCE}.Debug|Any CPU.Build.0 = Debug|Any CPU
		{DCD33CE5-EBF5-46E5-ACB1-0DB4A87A3CCE}.Release|Any CPU.ActiveCfg = Release|Any CPU
		{DCD33CE5-EBF5-46E5-ACB1-0DB4A87A3CCE}.Release|Any CPU.Build.0 = Release|Any CPU
	EndGlobalSection
EndGlobal
